
Microsoft Visual Studio Solution File, Format Version 12.00
# Visual Studio Version 16
VisualStudioVersion = 16.0.30104.148
MinimumVisualStudioVersion = 10.0.40219.1
Project("{FAE04EC0-301F-11D3-BF4B-00C04F79EFBC}") = "Marat", "Marat.csproj", "{2CA59C11-9686-44B8-B718-C2AEFCD19C0C}"
EndProject
Global
	GlobalSection(SolutionConfigurationPlatforms) = preSolution
		Debug|Any CPU = Debug|Any CPU
		Release|Any CPU = Release|Any CPU
	EndGlobalSection
	GlobalSection(ProjectConfigurationPlatforms) = postSolution
		{2CA59C11-9686-44B8-B718-C2AEFCD19C0C}.Debug|Any CPU.ActiveCfg = Debug|Any CPU
		{2CA59C11-9686-44B8-B718-C2AEFCD19C0C}.Debug|Any CPU.Build.0 = Debug|Any CPU
		{2CA59C11-9686-44B8-B718-C2AEFCD19C0C}.Release|Any CPU.ActiveCfg = Release|Any CPU
		{2CA59C11-9686-44B8-B718-C2AEFCD19C0C}.Release|Any CPU.Build.0 = Release|Any CPU
	EndGlobalSection
	GlobalSection(SolutionProperties) = preSolution
		HideSolutionNode = FALSE
	EndGlobalSection
	GlobalSection(ExtensibilityGlobals) = postSolution
		SolutionGuid = {7DC06697-5678-46C7-B281-94B8DFCE00CE}
	EndGlobalSection
EndGlobal
